// !$*UTF8*$!
{
	archiveVersion = 1;
	classes = {
	};
	objectVersion = 50;
	objects = {

/* Begin PBXBuildFile section */
		3EC0155890E531458E58846C /* Pods_whatsong_v3Tests.framework in Frameworks */ = {isa = PBXBuildFile; fileRef = B46E02381DEC88006DBE4745 /* Pods_whatsong_v3Tests.framework */; };
		96489684228E0C3800D8BCEE /* LoginModel.swift in Sources */ = {isa = PBXBuildFile; fileRef = 96489683228E0C3800D8BCEE /* LoginModel.swift */; };
		96489686228E1D2700D8BCEE /* Keychain.swift in Sources */ = {isa = PBXBuildFile; fileRef = 96489685228E1D2700D8BCEE /* Keychain.swift */; };
		9655E3E122B8261D000B02D0 /* RegistrationModel.swift in Sources */ = {isa = PBXBuildFile; fileRef = 9655E3E022B8261D000B02D0 /* RegistrationModel.swift */; };
		96C53B15229ACE75006937CB /* SongPlayer.swift in Sources */ = {isa = PBXBuildFile; fileRef = 96C53B14229ACE75006937CB /* SongPlayer.swift */; };
		96D2C01422BAA1CE00E09AA7 /* SettingsManager.swift in Sources */ = {isa = PBXBuildFile; fileRef = 96D2C01322BAA1CE00E09AA7 /* SettingsManager.swift */; };
		AD4DFD7463EE8455359641C7 /* Pods_whatsong_v3UITests.framework in Frameworks */ = {isa = PBXBuildFile; fileRef = CECEE79AFB406162BCDA692D /* Pods_whatsong_v3UITests.framework */; };
		BB0CC21822826B4A008BC023 /* MovieInfoCell.swift in Sources */ = {isa = PBXBuildFile; fileRef = BB0CC21722826B4A008BC023 /* MovieInfoCell.swift */; };
		BB0CC21A2282812D008BC023 /* SpotifyController.swift in Sources */ = {isa = PBXBuildFile; fileRef = BB0CC2192282812D008BC023 /* SpotifyController.swift */; };
		BB0CC21C2282A499008BC023 /* SpotifyiOS.framework in Frameworks */ = {isa = PBXBuildFile; fileRef = BB0CC21B2282A499008BC023 /* SpotifyiOS.framework */; };
		BB0CC21F2283D12E008BC023 /* AlbumsList.swift in Sources */ = {isa = PBXBuildFile; fileRef = BB0CC21E2283D12E008BC023 /* AlbumsList.swift */; };
		BB0CC22122890005008BC023 /* LoginController.swift in Sources */ = {isa = PBXBuildFile; fileRef = BB0CC22022890005008BC023 /* LoginController.swift */; };
		BB0CC223228A6A97008BC023 /* AlbumController.swift in Sources */ = {isa = PBXBuildFile; fileRef = BB0CC222228A6A97008BC023 /* AlbumController.swift */; };
		BB0CC225228A8060008BC023 /* AlbumSongList.swift in Sources */ = {isa = PBXBuildFile; fileRef = BB0CC224228A8060008BC023 /* AlbumSongList.swift */; };
		BB1661D3225D667E0077C2B0 /* ShowInfoCell.swift in Sources */ = {isa = PBXBuildFile; fileRef = BB1661D2225D667E0077C2B0 /* ShowInfoCell.swift */; };
		BB1661D6225EB81A0077C2B0 /* LatestEpisodes.swift in Sources */ = {isa = PBXBuildFile; fileRef = BB1661D5225EB81A0077C2B0 /* LatestEpisodes.swift */; };
		BB1661D82264194E0077C2B0 /* SeasonsList.swift in Sources */ = {isa = PBXBuildFile; fileRef = BB1661D72264194E0077C2B0 /* SeasonsList.swift */; };
		BB1661DB22654FB40077C2B0 /* TvShowSeason.swift in Sources */ = {isa = PBXBuildFile; fileRef = BB1661DA22654FB40077C2B0 /* TvShowSeason.swift */; };
		BB1661DE22656C510077C2B0 /* Episodes.swift in Sources */ = {isa = PBXBuildFile; fileRef = BB1661DD22656C510077C2B0 /* Episodes.swift */; };
		BB1661E02266C0B70077C2B0 /* TvShowEpisodesBySeason.swift in Sources */ = {isa = PBXBuildFile; fileRef = BB1661DF2266C0B70077C2B0 /* TvShowEpisodesBySeason.swift */; };
		BB1661E32266F7D30077C2B0 /* TvShowEpisode.swift in Sources */ = {isa = PBXBuildFile; fileRef = BB1661E22266F7D30077C2B0 /* TvShowEpisode.swift */; };
		BB1661E52267085D0077C2B0 /* EpisodeInfoCell.swift in Sources */ = {isa = PBXBuildFile; fileRef = BB1661E42267085D0077C2B0 /* EpisodeInfoCell.swift */; };
		BB1661E722670F840077C2B0 /* TvShowEpisodeModel.swift in Sources */ = {isa = PBXBuildFile; fileRef = BB1661E622670F840077C2B0 /* TvShowEpisodeModel.swift */; };
		BB193C4D222D4B92000EB8DB /* Service.swift in Sources */ = {isa = PBXBuildFile; fileRef = BB193C4C222D4B92000EB8DB /* Service.swift */; };
		BB193C56222E28F2000EB8DB /* Montserrat-Light.otf in Resources */ = {isa = PBXBuildFile; fileRef = BB193C4E222E28F1000EB8DB /* Montserrat-Light.otf */; };
		BB193C57222E28F2000EB8DB /* Montserrat-Black.otf in Resources */ = {isa = PBXBuildFile; fileRef = BB193C4F222E28F1000EB8DB /* Montserrat-Black.otf */; };
		BB193C58222E28F2000EB8DB /* Montserrat-UltraLight.otf in Resources */ = {isa = PBXBuildFile; fileRef = BB193C50222E28F1000EB8DB /* Montserrat-UltraLight.otf */; };
		BB193C59222E28F2000EB8DB /* Montserrat-ExtraBold.otf in Resources */ = {isa = PBXBuildFile; fileRef = BB193C51222E28F2000EB8DB /* Montserrat-ExtraBold.otf */; };
		BB193C5A222E28F2000EB8DB /* Montserrat-Bold.otf in Resources */ = {isa = PBXBuildFile; fileRef = BB193C52222E28F2000EB8DB /* Montserrat-Bold.otf */; };
		BB193C5B222E28F2000EB8DB /* Montserrat-Regular.otf in Resources */ = {isa = PBXBuildFile; fileRef = BB193C53222E28F2000EB8DB /* Montserrat-Regular.otf */; };
		BB193C5C222E28F2000EB8DB /* Montserrat-Hairline.otf in Resources */ = {isa = PBXBuildFile; fileRef = BB193C54222E28F2000EB8DB /* Montserrat-Hairline.otf */; };
		BB193C5D222E28F2000EB8DB /* Montserrat-SemiBold.otf in Resources */ = {isa = PBXBuildFile; fileRef = BB193C55222E28F2000EB8DB /* Montserrat-SemiBold.otf */; };
		BB193C60222E2A61000EB8DB /* UIColor.swift in Sources */ = {isa = PBXBuildFile; fileRef = BB193C5F222E2A61000EB8DB /* UIColor.swift */; };
		BB193C63222E99E2000EB8DB /* MoviesController.swift in Sources */ = {isa = PBXBuildFile; fileRef = BB193C62222E99E2000EB8DB /* MoviesController.swift */; };
		BB193C66222EA1D7000EB8DB /* MoviesGroupCell.swift in Sources */ = {isa = PBXBuildFile; fileRef = BB193C65222EA1D7000EB8DB /* MoviesGroupCell.swift */; };
		BB193C6A222EAB11000EB8DB /* BaseCvController.swift in Sources */ = {isa = PBXBuildFile; fileRef = BB193C69222EAB11000EB8DB /* BaseCvController.swift */; };
		BB193C6C222EB2CD000EB8DB /* MoviesHorizontalController.swift in Sources */ = {isa = PBXBuildFile; fileRef = BB193C6B222EB2CD000EB8DB /* MoviesHorizontalController.swift */; };
		BB193C6E222F501C000EB8DB /* MoviesSingleCell.swift in Sources */ = {isa = PBXBuildFile; fileRef = BB193C6D222F501C000EB8DB /* MoviesSingleCell.swift */; };
		BB193C70222F511F000EB8DB /* UILabel.swift in Sources */ = {isa = PBXBuildFile; fileRef = BB193C6F222F511F000EB8DB /* UILabel.swift */; };
		BB193C72222F5F5F000EB8DB /* LatestMovies.swift in Sources */ = {isa = PBXBuildFile; fileRef = BB193C71222F5F5F000EB8DB /* LatestMovies.swift */; };
		BB1BF56A228CEB30009FBC91 /* OpenSwipingController.swift in Sources */ = {isa = PBXBuildFile; fileRef = BB1BF569228CEB30009FBC91 /* OpenSwipingController.swift */; };
		BB1BF56C228CEF7D009FBC91 /* SwipedPageCell.swift in Sources */ = {isa = PBXBuildFile; fileRef = BB1BF56B228CEF7D009FBC91 /* SwipedPageCell.swift */; };
		BB1BF56E228FC39C009FBC91 /* FatFrank.otf in Resources */ = {isa = PBXBuildFile; fileRef = BB1BF56D228FC39C009FBC91 /* FatFrank.otf */; };
		BB1BF57022928161009FBC91 /* UIViewController.swift in Sources */ = {isa = PBXBuildFile; fileRef = BB1BF56F22928161009FBC91 /* UIViewController.swift */; };
		BB1BF57222928B57009FBC91 /* SignUpController.swift in Sources */ = {isa = PBXBuildFile; fileRef = BB1BF57122928B57009FBC91 /* SignUpController.swift */; };
		BB1BF57422939194009FBC91 /* ProfileController.swift in Sources */ = {isa = PBXBuildFile; fileRef = BB1BF57322939194009FBC91 /* ProfileController.swift */; };
		BB1BF5762293AB44009FBC91 /* UserInfo.swift in Sources */ = {isa = PBXBuildFile; fileRef = BB1BF5752293AB44009FBC91 /* UserInfo.swift */; };
		BB637F3E2230AFFE009FEFD7 /* MovieDetailController.swift in Sources */ = {isa = PBXBuildFile; fileRef = BB637F3D2230AFFE009FEFD7 /* MovieDetailController.swift */; };
		BB637F412230D97B009FEFD7 /* MovieDetail.swift in Sources */ = {isa = PBXBuildFile; fileRef = BB637F402230D97B009FEFD7 /* MovieDetail.swift */; };
		BB637F462230E7FE009FEFD7 /* VerticalStackView.swift in Sources */ = {isa = PBXBuildFile; fileRef = BB637F452230E7FE009FEFD7 /* VerticalStackView.swift */; };
		BB666943229AAE3E002654A7 /* MoviesHeader.swift in Sources */ = {isa = PBXBuildFile; fileRef = BB666942229AAE3E002654A7 /* MoviesHeader.swift */; };
		BB666945229AAF70002654A7 /* MoviesHeaderHorizontalController.swift in Sources */ = {isa = PBXBuildFile; fileRef = BB666944229AAF70002654A7 /* MoviesHeaderHorizontalController.swift */; };
		BB666948229B68FA002654A7 /* UserInfoCell.swift in Sources */ = {isa = PBXBuildFile; fileRef = BB666947229B68FA002654A7 /* UserInfoCell.swift */; };
		BB66694A229B6CF6002654A7 /* UserStatsCell.swift in Sources */ = {isa = PBXBuildFile; fileRef = BB666949229B6CF6002654A7 /* UserStatsCell.swift */; };
		BB66694C229B9929002654A7 /* UserLibraryCell.swift in Sources */ = {isa = PBXBuildFile; fileRef = BB66694B229B9929002654A7 /* UserLibraryCell.swift */; };
		BB66694E229CCCDC002654A7 /* ProfileLoggedOutController.swift in Sources */ = {isa = PBXBuildFile; fileRef = BB66694D229CCCDC002654A7 /* ProfileLoggedOutController.swift */; };
		BB66695322A0A72B002654A7 /* LibrarySongsController.swift in Sources */ = {isa = PBXBuildFile; fileRef = BB66695222A0A72B002654A7 /* LibrarySongsController.swift */; };
		BB66695522A0AF65002654A7 /* UserSongs.swift in Sources */ = {isa = PBXBuildFile; fileRef = BB66695422A0AF65002654A7 /* UserSongs.swift */; };
		BB66695822A0B735002654A7 /* LibrarySongs.swift in Sources */ = {isa = PBXBuildFile; fileRef = BB66695722A0B735002654A7 /* LibrarySongs.swift */; };
		BB66695A22A4B86F002654A7 /* UIActivityViewIndicator.swift in Sources */ = {isa = PBXBuildFile; fileRef = BB66695922A4B86F002654A7 /* UIActivityViewIndicator.swift */; };
		BB66695C22A60293002654A7 /* FeaturedTitles.swift in Sources */ = {isa = PBXBuildFile; fileRef = BB66695B22A60293002654A7 /* FeaturedTitles.swift */; };
		BB66695E22A63E05002654A7 /* ShowsHeaderHorizontalController.swift in Sources */ = {isa = PBXBuildFile; fileRef = BB66695D22A63E05002654A7 /* ShowsHeaderHorizontalController.swift */; };
		BB6669A622A73096002654A7 /* ShowsHeader.swift in Sources */ = {isa = PBXBuildFile; fileRef = BB6669A522A73096002654A7 /* ShowsHeader.swift */; };
		BB74F7F422ADF017006AB7C1 /* MoviesController1.swift in Sources */ = {isa = PBXBuildFile; fileRef = BB74F7F322ADF017006AB7C1 /* MoviesController1.swift */; };
		BB74F7F622AE2868006AB7C1 /* SongDetailController.swift in Sources */ = {isa = PBXBuildFile; fileRef = BB74F7F522AE2868006AB7C1 /* SongDetailController.swift */; };
		BB74F7F922AF5068006AB7C1 /* SongDetailCell.swift in Sources */ = {isa = PBXBuildFile; fileRef = BB74F7F822AF5068006AB7C1 /* SongDetailCell.swift */; };
		BB7D7065221BA2CD00CE8A9F /* AppDelegate.swift in Sources */ = {isa = PBXBuildFile; fileRef = BB7D7064221BA2CD00CE8A9F /* AppDelegate.swift */; };
		BB7D706C221BA2CF00CE8A9F /* Assets.xcassets in Resources */ = {isa = PBXBuildFile; fileRef = BB7D706B221BA2CF00CE8A9F /* Assets.xcassets */; };
		BB7D707A221BA2CF00CE8A9F /* whatsong_v3Tests.swift in Sources */ = {isa = PBXBuildFile; fileRef = BB7D7079221BA2CF00CE8A9F /* whatsong_v3Tests.swift */; };
		BB7D7085221BA2CF00CE8A9F /* whatsong_v3UITests.swift in Sources */ = {isa = PBXBuildFile; fileRef = BB7D7084221BA2CF00CE8A9F /* whatsong_v3UITests.swift */; };
		BB7D7093221BA31000CE8A9F /* MainTabBarController.swift in Sources */ = {isa = PBXBuildFile; fileRef = BB7D7092221BA31000CE8A9F /* MainTabBarController.swift */; };
		BB7D7096221BB2D600CE8A9F /* SearchController.swift in Sources */ = {isa = PBXBuildFile; fileRef = BB7D7095221BB2D600CE8A9F /* SearchController.swift */; };
		BBCA3EDB224AF65F00037DCF /* UITextField.swift in Sources */ = {isa = PBXBuildFile; fileRef = BBCA3EDA224AF65F00037DCF /* UITextField.swift */; };
		BBCA3EDD224C51E200037DCF /* SongFloatingPlayer.swift in Sources */ = {isa = PBXBuildFile; fileRef = BBCA3EDC224C51E200037DCF /* SongFloatingPlayer.swift */; };
		BBCA3EDF2254E85500037DCF /* ShowsController.swift in Sources */ = {isa = PBXBuildFile; fileRef = BBCA3EDE2254E85500037DCF /* ShowsController.swift */; };
		BBCA3EE32254ED4500037DCF /* ShowsGroupCell.swift in Sources */ = {isa = PBXBuildFile; fileRef = BBCA3EE22254ED4500037DCF /* ShowsGroupCell.swift */; };
		BBCA3EE52255723600037DCF /* ShowsHorizontalController.swift in Sources */ = {isa = PBXBuildFile; fileRef = BBCA3EE42255723600037DCF /* ShowsHorizontalController.swift */; };
		BBCA3EE72255745B00037DCF /* ShowsSingleCell.swift in Sources */ = {isa = PBXBuildFile; fileRef = BBCA3EE62255745B00037DCF /* ShowsSingleCell.swift */; };
		BBCA3EE92256CC0100037DCF /* LatestShows.swift in Sources */ = {isa = PBXBuildFile; fileRef = BBCA3EE82256CC0100037DCF /* LatestShows.swift */; };
		BBCA3EEB2256E78000037DCF /* Date.swift in Sources */ = {isa = PBXBuildFile; fileRef = BBCA3EEA2256E78000037DCF /* Date.swift */; };
		BBCA3EEE225C5E8700037DCF /* TvShowDetails.swift in Sources */ = {isa = PBXBuildFile; fileRef = BBCA3EED225C5E8700037DCF /* TvShowDetails.swift */; };
		BBCA3EF0225CB7F400037DCF /* TvShowInfo.swift in Sources */ = {isa = PBXBuildFile; fileRef = BBCA3EEF225CB7F400037DCF /* TvShowInfo.swift */; };
		BBEB4357223F6DF200D54998 /* SongListCell.swift in Sources */ = {isa = PBXBuildFile; fileRef = BBEB4356223F6DF200D54998 /* SongListCell.swift */; };
		BBEB435C224A24BF00D54998 /* SongDetailPopup.swift in Sources */ = {isa = PBXBuildFile; fileRef = BBEB435B224A24BF00D54998 /* SongDetailPopup.swift */; };
		BBEDA28C221BDD9F007610DF /* SearchResultCell.swift in Sources */ = {isa = PBXBuildFile; fileRef = BBEDA28B221BDD9F007610DF /* SearchResultCell.swift */; };
		BBEDA290221C07A8007610DF /* UIView.swift in Sources */ = {isa = PBXBuildFile; fileRef = BBEDA28F221C07A8007610DF /* UIView.swift */; };
		BBEDA293221C13C9007610DF /* Search.swift in Sources */ = {isa = PBXBuildFile; fileRef = BBEDA292221C13C9007610DF /* Search.swift */; };
		BBF751F9222FC9FC00640C92 /* HorizontalSnappingController.swift in Sources */ = {isa = PBXBuildFile; fileRef = BBF751F8222FC9FC00640C92 /* HorizontalSnappingController.swift */; };
		FACA9F683D5A49AEE14E7C61 /* Pods_whatsong_v3.framework in Frameworks */ = {isa = PBXBuildFile; fileRef = 203FC8B017F0F85BB464DE5C /* Pods_whatsong_v3.framework */; };
/* End PBXBuildFile section */

/* Begin PBXContainerItemProxy section */
		BB7D7076221BA2CF00CE8A9F /* PBXContainerItemProxy */ = {
			isa = PBXContainerItemProxy;
			containerPortal = BB7D7059221BA2CD00CE8A9F /* Project object */;
			proxyType = 1;
			remoteGlobalIDString = BB7D7060221BA2CD00CE8A9F;
			remoteInfo = "whatsong v3";
		};
		BB7D7081221BA2CF00CE8A9F /* PBXContainerItemProxy */ = {
			isa = PBXContainerItemProxy;
			containerPortal = BB7D7059221BA2CD00CE8A9F /* Project object */;
			proxyType = 1;
			remoteGlobalIDString = BB7D7060221BA2CD00CE8A9F;
			remoteInfo = "whatsong v3";
		};
/* End PBXContainerItemProxy section */

/* Begin PBXFileReference section */
		0D18B4C2FD12B34BFBF196FD /* Pods-whatsong v3.debug.xcconfig */ = {isa = PBXFileReference; includeInIndex = 1; lastKnownFileType = text.xcconfig; name = "Pods-whatsong v3.debug.xcconfig"; path = "Pods/Target Support Files/Pods-whatsong v3/Pods-whatsong v3.debug.xcconfig"; sourceTree = "<group>"; };
		199D68A1F6F09F802F15B76E /* Pods-whatsong v3Tests.release.xcconfig */ = {isa = PBXFileReference; includeInIndex = 1; lastKnownFileType = text.xcconfig; name = "Pods-whatsong v3Tests.release.xcconfig"; path = "Pods/Target Support Files/Pods-whatsong v3Tests/Pods-whatsong v3Tests.release.xcconfig"; sourceTree = "<group>"; };
		203FC8B017F0F85BB464DE5C /* Pods_whatsong_v3.framework */ = {isa = PBXFileReference; explicitFileType = wrapper.framework; includeInIndex = 0; path = Pods_whatsong_v3.framework; sourceTree = BUILT_PRODUCTS_DIR; };
		4AD36105E10CF89E29AD4BC9 /* Pods-whatsong v3UITests.release.xcconfig */ = {isa = PBXFileReference; includeInIndex = 1; lastKnownFileType = text.xcconfig; name = "Pods-whatsong v3UITests.release.xcconfig"; path = "Pods/Target Support Files/Pods-whatsong v3UITests/Pods-whatsong v3UITests.release.xcconfig"; sourceTree = "<group>"; };
		67718AD252349F46370F0E01 /* Pods-whatsong v3Tests.debug.xcconfig */ = {isa = PBXFileReference; includeInIndex = 1; lastKnownFileType = text.xcconfig; name = "Pods-whatsong v3Tests.debug.xcconfig"; path = "Pods/Target Support Files/Pods-whatsong v3Tests/Pods-whatsong v3Tests.debug.xcconfig"; sourceTree = "<group>"; };
		84072EC3401E37A0791CC1DE /* Pods-whatsong v3UITests.debug.xcconfig */ = {isa = PBXFileReference; includeInIndex = 1; lastKnownFileType = text.xcconfig; name = "Pods-whatsong v3UITests.debug.xcconfig"; path = "Pods/Target Support Files/Pods-whatsong v3UITests/Pods-whatsong v3UITests.debug.xcconfig"; sourceTree = "<group>"; };
		93F53D530C2B0E4E8671F333 /* Pods-whatsong v3.release.xcconfig */ = {isa = PBXFileReference; includeInIndex = 1; lastKnownFileType = text.xcconfig; name = "Pods-whatsong v3.release.xcconfig"; path = "Pods/Target Support Files/Pods-whatsong v3/Pods-whatsong v3.release.xcconfig"; sourceTree = "<group>"; };
		96489683228E0C3800D8BCEE /* LoginModel.swift */ = {isa = PBXFileReference; lastKnownFileType = sourcecode.swift; path = LoginModel.swift; sourceTree = "<group>"; };
		96489685228E1D2700D8BCEE /* Keychain.swift */ = {isa = PBXFileReference; lastKnownFileType = sourcecode.swift; path = Keychain.swift; sourceTree = "<group>"; };
		9655E3E022B8261D000B02D0 /* RegistrationModel.swift */ = {isa = PBXFileReference; lastKnownFileType = sourcecode.swift; path = RegistrationModel.swift; sourceTree = "<group>"; };
		96C53B14229ACE75006937CB /* SongPlayer.swift */ = {isa = PBXFileReference; lastKnownFileType = sourcecode.swift; path = SongPlayer.swift; sourceTree = "<group>"; };
		96D2C01322BAA1CE00E09AA7 /* SettingsManager.swift */ = {isa = PBXFileReference; lastKnownFileType = sourcecode.swift; path = SettingsManager.swift; sourceTree = "<group>"; };
		B46E02381DEC88006DBE4745 /* Pods_whatsong_v3Tests.framework */ = {isa = PBXFileReference; explicitFileType = wrapper.framework; includeInIndex = 0; path = Pods_whatsong_v3Tests.framework; sourceTree = BUILT_PRODUCTS_DIR; };
		BB0CC21722826B4A008BC023 /* MovieInfoCell.swift */ = {isa = PBXFileReference; lastKnownFileType = sourcecode.swift; path = MovieInfoCell.swift; sourceTree = "<group>"; };
		BB0CC2192282812D008BC023 /* SpotifyController.swift */ = {isa = PBXFileReference; lastKnownFileType = sourcecode.swift; path = SpotifyController.swift; sourceTree = "<group>"; };
		BB0CC21B2282A499008BC023 /* SpotifyiOS.framework */ = {isa = PBXFileReference; lastKnownFileType = wrapper.framework; path = SpotifyiOS.framework; sourceTree = "<group>"; };
		BB0CC21D2282A804008BC023 /* Spotify-Header.h */ = {isa = PBXFileReference; lastKnownFileType = sourcecode.c.h; path = "Spotify-Header.h"; sourceTree = "<group>"; };
		BB0CC21E2283D12E008BC023 /* AlbumsList.swift */ = {isa = PBXFileReference; lastKnownFileType = sourcecode.swift; path = AlbumsList.swift; sourceTree = "<group>"; };
		BB0CC22022890005008BC023 /* LoginController.swift */ = {isa = PBXFileReference; lastKnownFileType = sourcecode.swift; path = LoginController.swift; sourceTree = "<group>"; };
		BB0CC222228A6A97008BC023 /* AlbumController.swift */ = {isa = PBXFileReference; lastKnownFileType = sourcecode.swift; path = AlbumController.swift; sourceTree = "<group>"; };
		BB0CC224228A8060008BC023 /* AlbumSongList.swift */ = {isa = PBXFileReference; lastKnownFileType = sourcecode.swift; path = AlbumSongList.swift; sourceTree = "<group>"; };
		BB1661D2225D667E0077C2B0 /* ShowInfoCell.swift */ = {isa = PBXFileReference; lastKnownFileType = sourcecode.swift; path = ShowInfoCell.swift; sourceTree = "<group>"; };
		BB1661D5225EB81A0077C2B0 /* LatestEpisodes.swift */ = {isa = PBXFileReference; lastKnownFileType = sourcecode.swift; path = LatestEpisodes.swift; sourceTree = "<group>"; };
		BB1661D72264194E0077C2B0 /* SeasonsList.swift */ = {isa = PBXFileReference; lastKnownFileType = sourcecode.swift; path = SeasonsList.swift; sourceTree = "<group>"; };
		BB1661DA22654FB40077C2B0 /* TvShowSeason.swift */ = {isa = PBXFileReference; lastKnownFileType = sourcecode.swift; path = TvShowSeason.swift; sourceTree = "<group>"; };
		BB1661DD22656C510077C2B0 /* Episodes.swift */ = {isa = PBXFileReference; lastKnownFileType = sourcecode.swift; path = Episodes.swift; sourceTree = "<group>"; };
		BB1661DF2266C0B70077C2B0 /* TvShowEpisodesBySeason.swift */ = {isa = PBXFileReference; lastKnownFileType = sourcecode.swift; path = TvShowEpisodesBySeason.swift; sourceTree = "<group>"; };
		BB1661E22266F7D30077C2B0 /* TvShowEpisode.swift */ = {isa = PBXFileReference; lastKnownFileType = sourcecode.swift; path = TvShowEpisode.swift; sourceTree = "<group>"; };
		BB1661E42267085D0077C2B0 /* EpisodeInfoCell.swift */ = {isa = PBXFileReference; lastKnownFileType = sourcecode.swift; path = EpisodeInfoCell.swift; sourceTree = "<group>"; };
		BB1661E622670F840077C2B0 /* TvShowEpisodeModel.swift */ = {isa = PBXFileReference; lastKnownFileType = sourcecode.swift; path = TvShowEpisodeModel.swift; sourceTree = "<group>"; };
		BB193C4C222D4B92000EB8DB /* Service.swift */ = {isa = PBXFileReference; lastKnownFileType = sourcecode.swift; path = Service.swift; sourceTree = "<group>"; };
		BB193C4E222E28F1000EB8DB /* Montserrat-Light.otf */ = {isa = PBXFileReference; lastKnownFileType = file; path = "Montserrat-Light.otf"; sourceTree = "<group>"; };
		BB193C4F222E28F1000EB8DB /* Montserrat-Black.otf */ = {isa = PBXFileReference; lastKnownFileType = file; path = "Montserrat-Black.otf"; sourceTree = "<group>"; };
		BB193C50222E28F1000EB8DB /* Montserrat-UltraLight.otf */ = {isa = PBXFileReference; lastKnownFileType = file; path = "Montserrat-UltraLight.otf"; sourceTree = "<group>"; };
		BB193C51222E28F2000EB8DB /* Montserrat-ExtraBold.otf */ = {isa = PBXFileReference; lastKnownFileType = file; path = "Montserrat-ExtraBold.otf"; sourceTree = "<group>"; };
		BB193C52222E28F2000EB8DB /* Montserrat-Bold.otf */ = {isa = PBXFileReference; lastKnownFileType = file; path = "Montserrat-Bold.otf"; sourceTree = "<group>"; };
		BB193C53222E28F2000EB8DB /* Montserrat-Regular.otf */ = {isa = PBXFileReference; lastKnownFileType = file; path = "Montserrat-Regular.otf"; sourceTree = "<group>"; };
		BB193C54222E28F2000EB8DB /* Montserrat-Hairline.otf */ = {isa = PBXFileReference; lastKnownFileType = file; path = "Montserrat-Hairline.otf"; sourceTree = "<group>"; };
		BB193C55222E28F2000EB8DB /* Montserrat-SemiBold.otf */ = {isa = PBXFileReference; lastKnownFileType = file; path = "Montserrat-SemiBold.otf"; sourceTree = "<group>"; };
		BB193C5F222E2A61000EB8DB /* UIColor.swift */ = {isa = PBXFileReference; lastKnownFileType = sourcecode.swift; path = UIColor.swift; sourceTree = "<group>"; };
		BB193C62222E99E2000EB8DB /* MoviesController.swift */ = {isa = PBXFileReference; lastKnownFileType = sourcecode.swift; path = MoviesController.swift; sourceTree = "<group>"; };
		BB193C65222EA1D7000EB8DB /* MoviesGroupCell.swift */ = {isa = PBXFileReference; lastKnownFileType = sourcecode.swift; path = MoviesGroupCell.swift; sourceTree = "<group>"; };
		BB193C69222EAB11000EB8DB /* BaseCvController.swift */ = {isa = PBXFileReference; lastKnownFileType = sourcecode.swift; path = BaseCvController.swift; sourceTree = "<group>"; };
		BB193C6B222EB2CD000EB8DB /* MoviesHorizontalController.swift */ = {isa = PBXFileReference; lastKnownFileType = sourcecode.swift; path = MoviesHorizontalController.swift; sourceTree = "<group>"; };
		BB193C6D222F501C000EB8DB /* MoviesSingleCell.swift */ = {isa = PBXFileReference; lastKnownFileType = sourcecode.swift; path = MoviesSingleCell.swift; sourceTree = "<group>"; };
		BB193C6F222F511F000EB8DB /* UILabel.swift */ = {isa = PBXFileReference; lastKnownFileType = sourcecode.swift; path = UILabel.swift; sourceTree = "<group>"; };
		BB193C71222F5F5F000EB8DB /* LatestMovies.swift */ = {isa = PBXFileReference; lastKnownFileType = sourcecode.swift; path = LatestMovies.swift; sourceTree = "<group>"; };
		BB1BF569228CEB30009FBC91 /* OpenSwipingController.swift */ = {isa = PBXFileReference; lastKnownFileType = sourcecode.swift; path = OpenSwipingController.swift; sourceTree = "<group>"; };
		BB1BF56B228CEF7D009FBC91 /* SwipedPageCell.swift */ = {isa = PBXFileReference; lastKnownFileType = sourcecode.swift; path = SwipedPageCell.swift; sourceTree = "<group>"; };
		BB1BF56D228FC39C009FBC91 /* FatFrank.otf */ = {isa = PBXFileReference; lastKnownFileType = file; path = FatFrank.otf; sourceTree = "<group>"; };
		BB1BF56F22928161009FBC91 /* UIViewController.swift */ = {isa = PBXFileReference; lastKnownFileType = sourcecode.swift; path = UIViewController.swift; sourceTree = "<group>"; };
		BB1BF57122928B57009FBC91 /* SignUpController.swift */ = {isa = PBXFileReference; lastKnownFileType = sourcecode.swift; path = SignUpController.swift; sourceTree = "<group>"; };
		BB1BF57322939194009FBC91 /* ProfileController.swift */ = {isa = PBXFileReference; lastKnownFileType = sourcecode.swift; path = ProfileController.swift; sourceTree = "<group>"; };
		BB1BF5752293AB44009FBC91 /* UserInfo.swift */ = {isa = PBXFileReference; lastKnownFileType = sourcecode.swift; path = UserInfo.swift; sourceTree = "<group>"; };
		BB637F3D2230AFFE009FEFD7 /* MovieDetailController.swift */ = {isa = PBXFileReference; lastKnownFileType = sourcecode.swift; path = MovieDetailController.swift; sourceTree = "<group>"; };
		BB637F402230D97B009FEFD7 /* MovieDetail.swift */ = {isa = PBXFileReference; lastKnownFileType = sourcecode.swift; path = MovieDetail.swift; sourceTree = "<group>"; };
		BB637F452230E7FE009FEFD7 /* VerticalStackView.swift */ = {isa = PBXFileReference; lastKnownFileType = sourcecode.swift; path = VerticalStackView.swift; sourceTree = "<group>"; };
		BB666942229AAE3E002654A7 /* MoviesHeader.swift */ = {isa = PBXFileReference; lastKnownFileType = sourcecode.swift; path = MoviesHeader.swift; sourceTree = "<group>"; };
		BB666944229AAF70002654A7 /* MoviesHeaderHorizontalController.swift */ = {isa = PBXFileReference; lastKnownFileType = sourcecode.swift; path = MoviesHeaderHorizontalController.swift; sourceTree = "<group>"; };
		BB666947229B68FA002654A7 /* UserInfoCell.swift */ = {isa = PBXFileReference; lastKnownFileType = sourcecode.swift; path = UserInfoCell.swift; sourceTree = "<group>"; };
		BB666949229B6CF6002654A7 /* UserStatsCell.swift */ = {isa = PBXFileReference; lastKnownFileType = sourcecode.swift; path = UserStatsCell.swift; sourceTree = "<group>"; };
		BB66694B229B9929002654A7 /* UserLibraryCell.swift */ = {isa = PBXFileReference; lastKnownFileType = sourcecode.swift; path = UserLibraryCell.swift; sourceTree = "<group>"; };
		BB66694D229CCCDC002654A7 /* ProfileLoggedOutController.swift */ = {isa = PBXFileReference; lastKnownFileType = sourcecode.swift; path = ProfileLoggedOutController.swift; sourceTree = "<group>"; };
		BB66695222A0A72B002654A7 /* LibrarySongsController.swift */ = {isa = PBXFileReference; lastKnownFileType = sourcecode.swift; path = LibrarySongsController.swift; sourceTree = "<group>"; };
		BB66695422A0AF65002654A7 /* UserSongs.swift */ = {isa = PBXFileReference; lastKnownFileType = sourcecode.swift; path = UserSongs.swift; sourceTree = "<group>"; };
		BB66695722A0B735002654A7 /* LibrarySongs.swift */ = {isa = PBXFileReference; lastKnownFileType = sourcecode.swift; path = LibrarySongs.swift; sourceTree = "<group>"; };
		BB66695922A4B86F002654A7 /* UIActivityViewIndicator.swift */ = {isa = PBXFileReference; lastKnownFileType = sourcecode.swift; path = UIActivityViewIndicator.swift; sourceTree = "<group>"; };
		BB66695B22A60293002654A7 /* FeaturedTitles.swift */ = {isa = PBXFileReference; lastKnownFileType = sourcecode.swift; path = FeaturedTitles.swift; sourceTree = "<group>"; };
		BB66695D22A63E05002654A7 /* ShowsHeaderHorizontalController.swift */ = {isa = PBXFileReference; lastKnownFileType = sourcecode.swift; path = ShowsHeaderHorizontalController.swift; sourceTree = "<group>"; };
		BB6669A522A73096002654A7 /* ShowsHeader.swift */ = {isa = PBXFileReference; lastKnownFileType = sourcecode.swift; path = ShowsHeader.swift; sourceTree = "<group>"; };
		BB74F7F322ADF017006AB7C1 /* MoviesController1.swift */ = {isa = PBXFileReference; lastKnownFileType = sourcecode.swift; path = MoviesController1.swift; sourceTree = "<group>"; };
		BB74F7F522AE2868006AB7C1 /* SongDetailController.swift */ = {isa = PBXFileReference; lastKnownFileType = sourcecode.swift; path = SongDetailController.swift; sourceTree = "<group>"; };
		BB74F7F822AF5068006AB7C1 /* SongDetailCell.swift */ = {isa = PBXFileReference; lastKnownFileType = sourcecode.swift; path = SongDetailCell.swift; sourceTree = "<group>"; };
		BB7D7061221BA2CD00CE8A9F /* whatsong v3.app */ = {isa = PBXFileReference; explicitFileType = wrapper.application; includeInIndex = 0; path = "whatsong v3.app"; sourceTree = BUILT_PRODUCTS_DIR; };
		BB7D7064221BA2CD00CE8A9F /* AppDelegate.swift */ = {isa = PBXFileReference; lastKnownFileType = sourcecode.swift; path = AppDelegate.swift; sourceTree = "<group>"; };
		BB7D706B221BA2CF00CE8A9F /* Assets.xcassets */ = {isa = PBXFileReference; lastKnownFileType = folder.assetcatalog; path = Assets.xcassets; sourceTree = "<group>"; };
		BB7D7070221BA2CF00CE8A9F /* Info.plist */ = {isa = PBXFileReference; lastKnownFileType = text.plist.xml; path = Info.plist; sourceTree = "<group>"; };
		BB7D7075221BA2CF00CE8A9F /* whatsong v3Tests.xctest */ = {isa = PBXFileReference; explicitFileType = wrapper.cfbundle; includeInIndex = 0; path = "whatsong v3Tests.xctest"; sourceTree = BUILT_PRODUCTS_DIR; };
		BB7D7079221BA2CF00CE8A9F /* whatsong_v3Tests.swift */ = {isa = PBXFileReference; lastKnownFileType = sourcecode.swift; path = whatsong_v3Tests.swift; sourceTree = "<group>"; };
		BB7D707B221BA2CF00CE8A9F /* Info.plist */ = {isa = PBXFileReference; lastKnownFileType = text.plist.xml; path = Info.plist; sourceTree = "<group>"; };
		BB7D7080221BA2CF00CE8A9F /* whatsong v3UITests.xctest */ = {isa = PBXFileReference; explicitFileType = wrapper.cfbundle; includeInIndex = 0; path = "whatsong v3UITests.xctest"; sourceTree = BUILT_PRODUCTS_DIR; };
		BB7D7084221BA2CF00CE8A9F /* whatsong_v3UITests.swift */ = {isa = PBXFileReference; lastKnownFileType = sourcecode.swift; path = whatsong_v3UITests.swift; sourceTree = "<group>"; };
		BB7D7086221BA2CF00CE8A9F /* Info.plist */ = {isa = PBXFileReference; lastKnownFileType = text.plist.xml; path = Info.plist; sourceTree = "<group>"; };
		BB7D7092221BA31000CE8A9F /* MainTabBarController.swift */ = {isa = PBXFileReference; lastKnownFileType = sourcecode.swift; path = MainTabBarController.swift; sourceTree = "<group>"; };
		BB7D7095221BB2D600CE8A9F /* SearchController.swift */ = {isa = PBXFileReference; lastKnownFileType = sourcecode.swift; path = SearchController.swift; sourceTree = "<group>"; };
		BBCA3EDA224AF65F00037DCF /* UITextField.swift */ = {isa = PBXFileReference; lastKnownFileType = sourcecode.swift; path = UITextField.swift; sourceTree = "<group>"; };
		BBCA3EDC224C51E200037DCF /* SongFloatingPlayer.swift */ = {isa = PBXFileReference; lastKnownFileType = sourcecode.swift; path = SongFloatingPlayer.swift; sourceTree = "<group>"; };
		BBCA3EDE2254E85500037DCF /* ShowsController.swift */ = {isa = PBXFileReference; lastKnownFileType = sourcecode.swift; path = ShowsController.swift; sourceTree = "<group>"; };
		BBCA3EE22254ED4500037DCF /* ShowsGroupCell.swift */ = {isa = PBXFileReference; lastKnownFileType = sourcecode.swift; path = ShowsGroupCell.swift; sourceTree = "<group>"; };
		BBCA3EE42255723600037DCF /* ShowsHorizontalController.swift */ = {isa = PBXFileReference; lastKnownFileType = sourcecode.swift; path = ShowsHorizontalController.swift; sourceTree = "<group>"; };
		BBCA3EE62255745B00037DCF /* ShowsSingleCell.swift */ = {isa = PBXFileReference; lastKnownFileType = sourcecode.swift; path = ShowsSingleCell.swift; sourceTree = "<group>"; };
		BBCA3EE82256CC0100037DCF /* LatestShows.swift */ = {isa = PBXFileReference; lastKnownFileType = sourcecode.swift; path = LatestShows.swift; sourceTree = "<group>"; };
		BBCA3EEA2256E78000037DCF /* Date.swift */ = {isa = PBXFileReference; lastKnownFileType = sourcecode.swift; path = Date.swift; sourceTree = "<group>"; };
		BBCA3EED225C5E8700037DCF /* TvShowDetails.swift */ = {isa = PBXFileReference; lastKnownFileType = sourcecode.swift; path = TvShowDetails.swift; sourceTree = "<group>"; };
		BBCA3EEF225CB7F400037DCF /* TvShowInfo.swift */ = {isa = PBXFileReference; lastKnownFileType = sourcecode.swift; path = TvShowInfo.swift; sourceTree = "<group>"; };
		BBEB4356223F6DF200D54998 /* SongListCell.swift */ = {isa = PBXFileReference; lastKnownFileType = sourcecode.swift; path = SongListCell.swift; sourceTree = "<group>"; };
		BBEB435B224A24BF00D54998 /* SongDetailPopup.swift */ = {isa = PBXFileReference; lastKnownFileType = sourcecode.swift; path = SongDetailPopup.swift; sourceTree = "<group>"; };
		BBEDA28B221BDD9F007610DF /* SearchResultCell.swift */ = {isa = PBXFileReference; lastKnownFileType = sourcecode.swift; path = SearchResultCell.swift; sourceTree = "<group>"; };
		BBEDA28F221C07A8007610DF /* UIView.swift */ = {isa = PBXFileReference; lastKnownFileType = sourcecode.swift; path = UIView.swift; sourceTree = "<group>"; };
		BBEDA292221C13C9007610DF /* Search.swift */ = {isa = PBXFileReference; lastKnownFileType = sourcecode.swift; path = Search.swift; sourceTree = "<group>"; };
		BBF751F8222FC9FC00640C92 /* HorizontalSnappingController.swift */ = {isa = PBXFileReference; lastKnownFileType = sourcecode.swift; path = HorizontalSnappingController.swift; sourceTree = "<group>"; };
		CECEE79AFB406162BCDA692D /* Pods_whatsong_v3UITests.framework */ = {isa = PBXFileReference; explicitFileType = wrapper.framework; includeInIndex = 0; path = Pods_whatsong_v3UITests.framework; sourceTree = BUILT_PRODUCTS_DIR; };
/* End PBXFileReference section */

/* Begin PBXFrameworksBuildPhase section */
		BB7D705E221BA2CD00CE8A9F /* Frameworks */ = {
			isa = PBXFrameworksBuildPhase;
			buildActionMask = 2147483647;
			files = (
				FACA9F683D5A49AEE14E7C61 /* Pods_whatsong_v3.framework in Frameworks */,
				BB0CC21C2282A499008BC023 /* SpotifyiOS.framework in Frameworks */,
			);
			runOnlyForDeploymentPostprocessing = 0;
		};
		BB7D7072221BA2CF00CE8A9F /* Frameworks */ = {
			isa = PBXFrameworksBuildPhase;
			buildActionMask = 2147483647;
			files = (
				3EC0155890E531458E58846C /* Pods_whatsong_v3Tests.framework in Frameworks */,
			);
			runOnlyForDeploymentPostprocessing = 0;
		};
		BB7D707D221BA2CF00CE8A9F /* Frameworks */ = {
			isa = PBXFrameworksBuildPhase;
			buildActionMask = 2147483647;
			files = (
				AD4DFD7463EE8455359641C7 /* Pods_whatsong_v3UITests.framework in Frameworks */,
			);
			runOnlyForDeploymentPostprocessing = 0;
		};
/* End PBXFrameworksBuildPhase section */

/* Begin PBXGroup section */
		0D68D47CBF8206028B6BF481 /* Frameworks */ = {
			isa = PBXGroup;
			children = (
				203FC8B017F0F85BB464DE5C /* Pods_whatsong_v3.framework */,
				B46E02381DEC88006DBE4745 /* Pods_whatsong_v3Tests.framework */,
				CECEE79AFB406162BCDA692D /* Pods_whatsong_v3UITests.framework */,
			);
			name = Frameworks;
			sourceTree = "<group>";
		};
		B4EA3855144781C40241870D /* Pods */ = {
			isa = PBXGroup;
			children = (
				0D18B4C2FD12B34BFBF196FD /* Pods-whatsong v3.debug.xcconfig */,
				93F53D530C2B0E4E8671F333 /* Pods-whatsong v3.release.xcconfig */,
				67718AD252349F46370F0E01 /* Pods-whatsong v3Tests.debug.xcconfig */,
				199D68A1F6F09F802F15B76E /* Pods-whatsong v3Tests.release.xcconfig */,
				84072EC3401E37A0791CC1DE /* Pods-whatsong v3UITests.debug.xcconfig */,
				4AD36105E10CF89E29AD4BC9 /* Pods-whatsong v3UITests.release.xcconfig */,
			);
			name = Pods;
			sourceTree = "<group>";
		};
		BB0CC226228A8456008BC023 /* Albums */ = {
			isa = PBXGroup;
			children = (
				BB0CC222228A6A97008BC023 /* AlbumController.swift */,
			);
			path = Albums;
			sourceTree = "<group>";
		};
		BB0CC227228A8474008BC023 /* Albums */ = {
			isa = PBXGroup;
			children = (
				BB0CC21E2283D12E008BC023 /* AlbumsList.swift */,
			);
			path = Albums;
			sourceTree = "<group>";
		};
		BB1661D1225D66620077C2B0 /* Details */ = {
			isa = PBXGroup;
			children = (
				BB1661D72264194E0077C2B0 /* SeasonsList.swift */,
				BB1661D2225D667E0077C2B0 /* ShowInfoCell.swift */,
				BB1661D5225EB81A0077C2B0 /* LatestEpisodes.swift */,
			);
			path = Details;
			sourceTree = "<group>";
		};
		BB1661DC22656C2B0077C2B0 /* Season */ = {
			isa = PBXGroup;
			children = (
				BB1661DD22656C510077C2B0 /* Episodes.swift */,
			);
			path = Season;
			sourceTree = "<group>";
		};
		BB1661E12266F4C30077C2B0 /* Episode */ = {
			isa = PBXGroup;
			children = (
				BB1661E42267085D0077C2B0 /* EpisodeInfoCell.swift */,
			);
			path = Episode;
			sourceTree = "<group>";
		};
		BB193C4B222D4B80000EB8DB /* Service */ = {
			isa = PBXGroup;
			children = (
				BB193C4C222D4B92000EB8DB /* Service.swift */,
				96C53B14229ACE75006937CB /* SongPlayer.swift */,
				96489685228E1D2700D8BCEE /* Keychain.swift */,
			);
			path = Service;
			sourceTree = "<group>";
		};
		BB193C5E222E28F7000EB8DB /* Fonts */ = {
			isa = PBXGroup;
			children = (
				BB1BF56D228FC39C009FBC91 /* FatFrank.otf */,
				BB193C4F222E28F1000EB8DB /* Montserrat-Black.otf */,
				BB193C52222E28F2000EB8DB /* Montserrat-Bold.otf */,
				BB193C51222E28F2000EB8DB /* Montserrat-ExtraBold.otf */,
				BB193C54222E28F2000EB8DB /* Montserrat-Hairline.otf */,
				BB193C4E222E28F1000EB8DB /* Montserrat-Light.otf */,
				BB193C53222E28F2000EB8DB /* Montserrat-Regular.otf */,
				BB193C55222E28F2000EB8DB /* Montserrat-SemiBold.otf */,
				BB193C50222E28F1000EB8DB /* Montserrat-UltraLight.otf */,
			);
			path = Fonts;
			sourceTree = "<group>";
		};
		BB193C61222E99D6000EB8DB /* Movies */ = {
			isa = PBXGroup;
			children = (
				BB193C62222E99E2000EB8DB /* MoviesController.swift */,
				BB74F7F322ADF017006AB7C1 /* MoviesController1.swift */,
				BB193C6B222EB2CD000EB8DB /* MoviesHorizontalController.swift */,
				BB666944229AAF70002654A7 /* MoviesHeaderHorizontalController.swift */,
				BB637F3F2230B003009FEFD7 /* Details */,
			);
			path = Movies;
			sourceTree = "<group>";
		};
		BB193C64222E9B47000EB8DB /* Search */ = {
			isa = PBXGroup;
			children = (
				BB7D7095221BB2D600CE8A9F /* SearchController.swift */,
			);
			path = Search;
			sourceTree = "<group>";
		};
		BB193C67222EA1DC000EB8DB /* Movies */ = {
			isa = PBXGroup;
			children = (
				BB193C65222EA1D7000EB8DB /* MoviesGroupCell.swift */,
				BB193C6D222F501C000EB8DB /* MoviesSingleCell.swift */,
				BB666942229AAE3E002654A7 /* MoviesHeader.swift */,
				BB637F422230DE0B009FEFD7 /* Details */,
			);
			path = Movies;
			sourceTree = "<group>";
		};
		BB193C68222EA1E4000EB8DB /* Search */ = {
			isa = PBXGroup;
			children = (
				BBEDA28B221BDD9F007610DF /* SearchResultCell.swift */,
			);
			path = Search;
			sourceTree = "<group>";
		};
		BB1BF568228CEA88009FBC91 /* Onboarding */ = {
			isa = PBXGroup;
			children = (
				BB1BF569228CEB30009FBC91 /* OpenSwipingController.swift */,
				BB1BF56B228CEF7D009FBC91 /* SwipedPageCell.swift */,
				BB0CC22022890005008BC023 /* LoginController.swift */,
				BB1BF57122928B57009FBC91 /* SignUpController.swift */,
			);
			path = Onboarding;
			sourceTree = "<group>";
		};
		BB637F3F2230B003009FEFD7 /* Details */ = {
			isa = PBXGroup;
			children = (
				BB637F3D2230AFFE009FEFD7 /* MovieDetailController.swift */,
			);
			path = Details;
			sourceTree = "<group>";
		};
		BB637F422230DE0B009FEFD7 /* Details */ = {
			isa = PBXGroup;
			children = (
				BB0CC21722826B4A008BC023 /* MovieInfoCell.swift */,
			);
			path = Details;
			sourceTree = "<group>";
		};
		BB666946229B68E2002654A7 /* Profile */ = {
			isa = PBXGroup;
			children = (
				BB666947229B68FA002654A7 /* UserInfoCell.swift */,
				BB666949229B6CF6002654A7 /* UserStatsCell.swift */,
				BB66694B229B9929002654A7 /* UserLibraryCell.swift */,
			);
			path = Profile;
			sourceTree = "<group>";
		};
		BB66695122A0949F002654A7 /* Profile */ = {
			isa = PBXGroup;
			children = (
				BB1BF57322939194009FBC91 /* ProfileController.swift */,
				BB66694D229CCCDC002654A7 /* ProfileLoggedOutController.swift */,
				BB66695222A0A72B002654A7 /* LibrarySongsController.swift */,
			);
			path = Profile;
			sourceTree = "<group>";
		};
		BB66695622A0B72A002654A7 /* Group */ = {
			isa = PBXGroup;
			children = (
			);
			path = Group;
			sourceTree = "<group>";
		};
		BB74F7F722AE7636006AB7C1 /* Song */ = {
			isa = PBXGroup;
			children = (
				BB74F7F522AE2868006AB7C1 /* SongDetailController.swift */,
			);
			path = Song;
			sourceTree = "<group>";
		};
		BB7D7058221BA2CD00CE8A9F = {
			isa = PBXGroup;
			children = (
				BB7D7063221BA2CD00CE8A9F /* whatsong v3 */,
				BB7D7078221BA2CF00CE8A9F /* whatsong v3Tests */,
				BB7D7083221BA2CF00CE8A9F /* whatsong v3UITests */,
				BB7D7062221BA2CD00CE8A9F /* Products */,
				B4EA3855144781C40241870D /* Pods */,
				0D68D47CBF8206028B6BF481 /* Frameworks */,
			);
			sourceTree = "<group>";
		};
		BB7D7062221BA2CD00CE8A9F /* Products */ = {
			isa = PBXGroup;
			children = (
				BB7D7061221BA2CD00CE8A9F /* whatsong v3.app */,
				BB7D7075221BA2CF00CE8A9F /* whatsong v3Tests.xctest */,
				BB7D7080221BA2CF00CE8A9F /* whatsong v3UITests.xctest */,
			);
			name = Products;
			sourceTree = "<group>";
		};
		BB7D7063221BA2CD00CE8A9F /* whatsong v3 */ = {
			isa = PBXGroup;
			children = (
				BB7D7064221BA2CD00CE8A9F /* AppDelegate.swift */,
				BB193C4B222D4B80000EB8DB /* Service */,
				BBEDA291221C10DD007610DF /* Models */,
				BBEDA28D221BDE29007610DF /* Views */,
				BB7D7094221BB2B500CE8A9F /* Controllers */,
				BBEDA28E221C074E007610DF /* Helpers */,
				BB7D706B221BA2CF00CE8A9F /* Assets.xcassets */,
				BB193C5E222E28F7000EB8DB /* Fonts */,
				BB7D7070221BA2CF00CE8A9F /* Info.plist */,
				BB0CC21D2282A804008BC023 /* Spotify-Header.h */,
				BB0CC21B2282A499008BC023 /* SpotifyiOS.framework */,
			);
			path = "whatsong v3";
			sourceTree = "<group>";
		};
		BB7D7078221BA2CF00CE8A9F /* whatsong v3Tests */ = {
			isa = PBXGroup;
			children = (
				BB7D7079221BA2CF00CE8A9F /* whatsong_v3Tests.swift */,
				BB7D707B221BA2CF00CE8A9F /* Info.plist */,
			);
			path = "whatsong v3Tests";
			sourceTree = "<group>";
		};
		BB7D7083221BA2CF00CE8A9F /* whatsong v3UITests */ = {
			isa = PBXGroup;
			children = (
				BB7D7084221BA2CF00CE8A9F /* whatsong_v3UITests.swift */,
				BB7D7086221BA2CF00CE8A9F /* Info.plist */,
			);
			path = "whatsong v3UITests";
			sourceTree = "<group>";
		};
		BB7D7094221BB2B500CE8A9F /* Controllers */ = {
			isa = PBXGroup;
			children = (
				BB7D7092221BA31000CE8A9F /* MainTabBarController.swift */,
				BB66695122A0949F002654A7 /* Profile */,
				BB0CC226228A8456008BC023 /* Albums */,
				BB193C61222E99D6000EB8DB /* Movies */,
				BB74F7F722AE7636006AB7C1 /* Song */,
				BBCA3EE02254ECC100037DCF /* Shows */,
				BB193C64222E9B47000EB8DB /* Search */,
				BB1BF568228CEA88009FBC91 /* Onboarding */,
				BB193C69222EAB11000EB8DB /* BaseCvController.swift */,
				BBF751F8222FC9FC00640C92 /* HorizontalSnappingController.swift */,
				BB0CC2192282812D008BC023 /* SpotifyController.swift */,
			);
			path = Controllers;
			sourceTree = "<group>";
		};
		BBCA3EE02254ECC100037DCF /* Shows */ = {
			isa = PBXGroup;
			children = (
				BBCA3EDE2254E85500037DCF /* ShowsController.swift */,
				BBCA3EE42255723600037DCF /* ShowsHorizontalController.swift */,
				BB66695D22A63E05002654A7 /* ShowsHeaderHorizontalController.swift */,
				BBCA3EEC225C5E6700037DCF /* Detail */,
			);
			path = Shows;
			sourceTree = "<group>";
		};
		BBCA3EE12254ECEB00037DCF /* Shows */ = {
			isa = PBXGroup;
			children = (
				BBCA3EE22254ED4500037DCF /* ShowsGroupCell.swift */,
				BBCA3EE62255745B00037DCF /* ShowsSingleCell.swift */,
				BB6669A522A73096002654A7 /* ShowsHeader.swift */,
				BB1661D1225D66620077C2B0 /* Details */,
				BB1661DC22656C2B0077C2B0 /* Season */,
				BB1661E12266F4C30077C2B0 /* Episode */,
			);
			path = Shows;
			sourceTree = "<group>";
		};
		BBCA3EEC225C5E6700037DCF /* Detail */ = {
			isa = PBXGroup;
			children = (
				BBCA3EED225C5E8700037DCF /* TvShowDetails.swift */,
				BB1661DA22654FB40077C2B0 /* TvShowSeason.swift */,
				BB1661E22266F7D30077C2B0 /* TvShowEpisode.swift */,
			);
			path = Detail;
			sourceTree = "<group>";
		};
		BBEB435D224A24D000D54998 /* Song */ = {
			isa = PBXGroup;
			children = (
				BB0CC224228A8060008BC023 /* AlbumSongList.swift */,
				BB66695722A0B735002654A7 /* LibrarySongs.swift */,
				BBEB4356223F6DF200D54998 /* SongListCell.swift */,
				BBEB435B224A24BF00D54998 /* SongDetailPopup.swift */,
				BB74F7F822AF5068006AB7C1 /* SongDetailCell.swift */,
				BBCA3EDC224C51E200037DCF /* SongFloatingPlayer.swift */,
			);
			path = Song;
			sourceTree = "<group>";
		};
		BBEDA28D221BDE29007610DF /* Views */ = {
			isa = PBXGroup;
			children = (
				BB66695622A0B72A002654A7 /* Group */,
				BB666946229B68E2002654A7 /* Profile */,
				BB0CC227228A8474008BC023 /* Albums */,
				BB193C67222EA1DC000EB8DB /* Movies */,
				BBCA3EE12254ECEB00037DCF /* Shows */,
				BB193C68222EA1E4000EB8DB /* Search */,
				BBEB435D224A24D000D54998 /* Song */,
			);
			path = Views;
			sourceTree = "<group>";
		};
		BBEDA28E221C074E007610DF /* Helpers */ = {
			isa = PBXGroup;
			children = (
				BBEDA28F221C07A8007610DF /* UIView.swift */,
				BB1BF56F22928161009FBC91 /* UIViewController.swift */,
				BB193C5F222E2A61000EB8DB /* UIColor.swift */,
				BB193C6F222F511F000EB8DB /* UILabel.swift */,
				BB637F452230E7FE009FEFD7 /* VerticalStackView.swift */,
				BBCA3EDA224AF65F00037DCF /* UITextField.swift */,
				BBCA3EEA2256E78000037DCF /* Date.swift */,
				BB66695922A4B86F002654A7 /* UIActivityViewIndicator.swift */,
				96D2C01322BAA1CE00E09AA7 /* SettingsManager.swift */,
			);
			path = Helpers;
			sourceTree = "<group>";
		};
		BBEDA291221C10DD007610DF /* Models */ = {
			isa = PBXGroup;
			children = (
				BB193C71222F5F5F000EB8DB /* LatestMovies.swift */,
				BB66695B22A60293002654A7 /* FeaturedTitles.swift */,
				BB1BF5752293AB44009FBC91 /* UserInfo.swift */,
				BB66695422A0AF65002654A7 /* UserSongs.swift */,
				96489683228E0C3800D8BCEE /* LoginModel.swift */,
				BB637F402230D97B009FEFD7 /* MovieDetail.swift */,
				BBEDA292221C13C9007610DF /* Search.swift */,
				BBCA3EE82256CC0100037DCF /* LatestShows.swift */,
				BBCA3EEF225CB7F400037DCF /* TvShowInfo.swift */,
				BB1661DF2266C0B70077C2B0 /* TvShowEpisodesBySeason.swift */,
				BB1661E622670F840077C2B0 /* TvShowEpisodeModel.swift */,
				9655E3E022B8261D000B02D0 /* RegistrationModel.swift */,
			);
			path = Models;
			sourceTree = "<group>";
		};
/* End PBXGroup section */

/* Begin PBXNativeTarget section */
		BB7D7060221BA2CD00CE8A9F /* whatsong v3 */ = {
			isa = PBXNativeTarget;
			buildConfigurationList = BB7D7089221BA2CF00CE8A9F /* Build configuration list for PBXNativeTarget "whatsong v3" */;
			buildPhases = (
				D00F9CA6064F82F08E6509AE /* [CP] Check Pods Manifest.lock */,
				BB7D705D221BA2CD00CE8A9F /* Sources */,
				BB7D705E221BA2CD00CE8A9F /* Frameworks */,
				BB7D705F221BA2CD00CE8A9F /* Resources */,
				04A6993F70956C3E7BBAC42D /* [CP] Embed Pods Frameworks */,
			);
			buildRules = (
			);
			dependencies = (
			);
			name = "whatsong v3";
			productName = "whatsong v3";
			productReference = BB7D7061221BA2CD00CE8A9F /* whatsong v3.app */;
			productType = "com.apple.product-type.application";
		};
		BB7D7074221BA2CF00CE8A9F /* whatsong v3Tests */ = {
			isa = PBXNativeTarget;
			buildConfigurationList = BB7D708C221BA2CF00CE8A9F /* Build configuration list for PBXNativeTarget "whatsong v3Tests" */;
			buildPhases = (
				A779FDBA97D018B8247646BD /* [CP] Check Pods Manifest.lock */,
				BB7D7071221BA2CF00CE8A9F /* Sources */,
				BB7D7072221BA2CF00CE8A9F /* Frameworks */,
				BB7D7073221BA2CF00CE8A9F /* Resources */,
			);
			buildRules = (
			);
			dependencies = (
				BB7D7077221BA2CF00CE8A9F /* PBXTargetDependency */,
			);
			name = "whatsong v3Tests";
			productName = "whatsong v3Tests";
			productReference = BB7D7075221BA2CF00CE8A9F /* whatsong v3Tests.xctest */;
			productType = "com.apple.product-type.bundle.unit-test";
		};
		BB7D707F221BA2CF00CE8A9F /* whatsong v3UITests */ = {
			isa = PBXNativeTarget;
			buildConfigurationList = BB7D708F221BA2CF00CE8A9F /* Build configuration list for PBXNativeTarget "whatsong v3UITests" */;
			buildPhases = (
				DA26A81CF13F4C9F5ADAFB27 /* [CP] Check Pods Manifest.lock */,
				BB7D707C221BA2CF00CE8A9F /* Sources */,
				BB7D707D221BA2CF00CE8A9F /* Frameworks */,
				BB7D707E221BA2CF00CE8A9F /* Resources */,
			);
			buildRules = (
			);
			dependencies = (
				BB7D7082221BA2CF00CE8A9F /* PBXTargetDependency */,
			);
			name = "whatsong v3UITests";
			productName = "whatsong v3UITests";
			productReference = BB7D7080221BA2CF00CE8A9F /* whatsong v3UITests.xctest */;
			productType = "com.apple.product-type.bundle.ui-testing";
		};
/* End PBXNativeTarget section */

/* Begin PBXProject section */
		BB7D7059221BA2CD00CE8A9F /* Project object */ = {
			isa = PBXProject;
			attributes = {
				LastSwiftUpdateCheck = 1010;
				LastUpgradeCheck = 1010;
				ORGANIZATIONNAME = "Tom Andrew";
				TargetAttributes = {
					BB7D7060221BA2CD00CE8A9F = {
						CreatedOnToolsVersion = 10.1;
					};
					BB7D7074221BA2CF00CE8A9F = {
						CreatedOnToolsVersion = 10.1;
						TestTargetID = BB7D7060221BA2CD00CE8A9F;
					};
					BB7D707F221BA2CF00CE8A9F = {
						CreatedOnToolsVersion = 10.1;
						TestTargetID = BB7D7060221BA2CD00CE8A9F;
					};
				};
			};
			buildConfigurationList = BB7D705C221BA2CD00CE8A9F /* Build configuration list for PBXProject "whatsong v3" */;
			compatibilityVersion = "Xcode 9.3";
			developmentRegion = en;
			hasScannedForEncodings = 0;
			knownRegions = (
				en,
				Base,
			);
			mainGroup = BB7D7058221BA2CD00CE8A9F;
			productRefGroup = BB7D7062221BA2CD00CE8A9F /* Products */;
			projectDirPath = "";
			projectRoot = "";
			targets = (
				BB7D7060221BA2CD00CE8A9F /* whatsong v3 */,
				BB7D7074221BA2CF00CE8A9F /* whatsong v3Tests */,
				BB7D707F221BA2CF00CE8A9F /* whatsong v3UITests */,
			);
		};
/* End PBXProject section */

/* Begin PBXResourcesBuildPhase section */
		BB7D705F221BA2CD00CE8A9F /* Resources */ = {
			isa = PBXResourcesBuildPhase;
			buildActionMask = 2147483647;
			files = (
				BB193C59222E28F2000EB8DB /* Montserrat-ExtraBold.otf in Resources */,
				BB193C58222E28F2000EB8DB /* Montserrat-UltraLight.otf in Resources */,
				BB7D706C221BA2CF00CE8A9F /* Assets.xcassets in Resources */,
				BB193C5D222E28F2000EB8DB /* Montserrat-SemiBold.otf in Resources */,
				BB193C57222E28F2000EB8DB /* Montserrat-Black.otf in Resources */,
				BB193C56222E28F2000EB8DB /* Montserrat-Light.otf in Resources */,
				BB1BF56E228FC39C009FBC91 /* FatFrank.otf in Resources */,
				BB193C5B222E28F2000EB8DB /* Montserrat-Regular.otf in Resources */,
				BB193C5C222E28F2000EB8DB /* Montserrat-Hairline.otf in Resources */,
				BB193C5A222E28F2000EB8DB /* Montserrat-Bold.otf in Resources */,
			);
			runOnlyForDeploymentPostprocessing = 0;
		};
		BB7D7073221BA2CF00CE8A9F /* Resources */ = {
			isa = PBXResourcesBuildPhase;
			buildActionMask = 2147483647;
			files = (
			);
			runOnlyForDeploymentPostprocessing = 0;
		};
		BB7D707E221BA2CF00CE8A9F /* Resources */ = {
			isa = PBXResourcesBuildPhase;
			buildActionMask = 2147483647;
			files = (
			);
			runOnlyForDeploymentPostprocessing = 0;
		};
/* End PBXResourcesBuildPhase section */

/* Begin PBXShellScriptBuildPhase section */
		04A6993F70956C3E7BBAC42D /* [CP] Embed Pods Frameworks */ = {
			isa = PBXShellScriptBuildPhase;
			buildActionMask = 2147483647;
			files = (
			);
			inputFileListPaths = (
			);
			inputPaths = (
				"${PODS_ROOT}/Target Support Files/Pods-whatsong v3/Pods-whatsong v3-frameworks.sh",
				"${BUILT_PRODUCTS_DIR}/SDWebImage/SDWebImage.framework",
				"${BUILT_PRODUCTS_DIR}/SkeletonView/SkeletonView.framework",
			);
			name = "[CP] Embed Pods Frameworks";
			outputFileListPaths = (
			);
			outputPaths = (
				"${TARGET_BUILD_DIR}/${FRAMEWORKS_FOLDER_PATH}/SDWebImage.framework",
				"${TARGET_BUILD_DIR}/${FRAMEWORKS_FOLDER_PATH}/SkeletonView.framework",
			);
			runOnlyForDeploymentPostprocessing = 0;
			shellPath = /bin/sh;
			shellScript = "\"${PODS_ROOT}/Target Support Files/Pods-whatsong v3/Pods-whatsong v3-frameworks.sh\"\n";
			showEnvVarsInLog = 0;
		};
		A779FDBA97D018B8247646BD /* [CP] Check Pods Manifest.lock */ = {
			isa = PBXShellScriptBuildPhase;
			buildActionMask = 2147483647;
			files = (
			);
			inputFileListPaths = (
			);
			inputPaths = (
				"${PODS_PODFILE_DIR_PATH}/Podfile.lock",
				"${PODS_ROOT}/Manifest.lock",
			);
			name = "[CP] Check Pods Manifest.lock";
			outputFileListPaths = (
			);
			outputPaths = (
				"$(DERIVED_FILE_DIR)/Pods-whatsong v3Tests-checkManifestLockResult.txt",
			);
			runOnlyForDeploymentPostprocessing = 0;
			shellPath = /bin/sh;
			shellScript = "diff \"${PODS_PODFILE_DIR_PATH}/Podfile.lock\" \"${PODS_ROOT}/Manifest.lock\" > /dev/null\nif [ $? != 0 ] ; then\n    # print error to STDERR\n    echo \"error: The sandbox is not in sync with the Podfile.lock. Run 'pod install' or update your CocoaPods installation.\" >&2\n    exit 1\nfi\n# This output is used by Xcode 'outputs' to avoid re-running this script phase.\necho \"SUCCESS\" > \"${SCRIPT_OUTPUT_FILE_0}\"\n";
			showEnvVarsInLog = 0;
		};
		D00F9CA6064F82F08E6509AE /* [CP] Check Pods Manifest.lock */ = {
			isa = PBXShellScriptBuildPhase;
			buildActionMask = 2147483647;
			files = (
			);
			inputFileListPaths = (
			);
			inputPaths = (
				"${PODS_PODFILE_DIR_PATH}/Podfile.lock",
				"${PODS_ROOT}/Manifest.lock",
			);
			name = "[CP] Check Pods Manifest.lock";
			outputFileListPaths = (
			);
			outputPaths = (
				"$(DERIVED_FILE_DIR)/Pods-whatsong v3-checkManifestLockResult.txt",
			);
			runOnlyForDeploymentPostprocessing = 0;
			shellPath = /bin/sh;
			shellScript = "diff \"${PODS_PODFILE_DIR_PATH}/Podfile.lock\" \"${PODS_ROOT}/Manifest.lock\" > /dev/null\nif [ $? != 0 ] ; then\n    # print error to STDERR\n    echo \"error: The sandbox is not in sync with the Podfile.lock. Run 'pod install' or update your CocoaPods installation.\" >&2\n    exit 1\nfi\n# This output is used by Xcode 'outputs' to avoid re-running this script phase.\necho \"SUCCESS\" > \"${SCRIPT_OUTPUT_FILE_0}\"\n";
			showEnvVarsInLog = 0;
		};
		DA26A81CF13F4C9F5ADAFB27 /* [CP] Check Pods Manifest.lock */ = {
			isa = PBXShellScriptBuildPhase;
			buildActionMask = 2147483647;
			files = (
			);
			inputFileListPaths = (
			);
			inputPaths = (
				"${PODS_PODFILE_DIR_PATH}/Podfile.lock",
				"${PODS_ROOT}/Manifest.lock",
			);
			name = "[CP] Check Pods Manifest.lock";
			outputFileListPaths = (
			);
			outputPaths = (
				"$(DERIVED_FILE_DIR)/Pods-whatsong v3UITests-checkManifestLockResult.txt",
			);
			runOnlyForDeploymentPostprocessing = 0;
			shellPath = /bin/sh;
			shellScript = "diff \"${PODS_PODFILE_DIR_PATH}/Podfile.lock\" \"${PODS_ROOT}/Manifest.lock\" > /dev/null\nif [ $? != 0 ] ; then\n    # print error to STDERR\n    echo \"error: The sandbox is not in sync with the Podfile.lock. Run 'pod install' or update your CocoaPods installation.\" >&2\n    exit 1\nfi\n# This output is used by Xcode 'outputs' to avoid re-running this script phase.\necho \"SUCCESS\" > \"${SCRIPT_OUTPUT_FILE_0}\"\n";
			showEnvVarsInLog = 0;
		};
/* End PBXShellScriptBuildPhase section */

/* Begin PBXSourcesBuildPhase section */
		BB7D705D221BA2CD00CE8A9F /* Sources */ = {
			isa = PBXSourcesBuildPhase;
			buildActionMask = 2147483647;
			files = (
				BB0CC21F2283D12E008BC023 /* AlbumsList.swift in Sources */,
				BB1661D6225EB81A0077C2B0 /* LatestEpisodes.swift in Sources */,
				BB0CC225228A8060008BC023 /* AlbumSongList.swift in Sources */,
				BB1661DB22654FB40077C2B0 /* TvShowSeason.swift in Sources */,
				BB666948229B68FA002654A7 /* UserInfoCell.swift in Sources */,
				BB193C6C222EB2CD000EB8DB /* MoviesHorizontalController.swift in Sources */,
				96489686228E1D2700D8BCEE /* Keychain.swift in Sources */,
				BBCA3EEE225C5E8700037DCF /* TvShowDetails.swift in Sources */,
				BB1661E32266F7D30077C2B0 /* TvShowEpisode.swift in Sources */,
				BB1BF57022928161009FBC91 /* UIViewController.swift in Sources */,
				BBCA3EEB2256E78000037DCF /* Date.swift in Sources */,
				BB1661E722670F840077C2B0 /* TvShowEpisodeModel.swift in Sources */,
				BBEDA28C221BDD9F007610DF /* SearchResultCell.swift in Sources */,
				BBCA3EE32254ED4500037DCF /* ShowsGroupCell.swift in Sources */,
				BBCA3EDB224AF65F00037DCF /* UITextField.swift in Sources */,
				BBEB435C224A24BF00D54998 /* SongDetailPopup.swift in Sources */,
				BB66695322A0A72B002654A7 /* LibrarySongsController.swift in Sources */,
				BB193C70222F511F000EB8DB /* UILabel.swift in Sources */,
				BB637F412230D97B009FEFD7 /* MovieDetail.swift in Sources */,
				BB1661D82264194E0077C2B0 /* SeasonsList.swift in Sources */,
				BB193C4D222D4B92000EB8DB /* Service.swift in Sources */,
				BB66694A229B6CF6002654A7 /* UserStatsCell.swift in Sources */,
				BB7D7065221BA2CD00CE8A9F /* AppDelegate.swift in Sources */,
				BBCA3EF0225CB7F400037DCF /* TvShowInfo.swift in Sources */,
				96D2C01422BAA1CE00E09AA7 /* SettingsManager.swift in Sources */,
				BB193C6E222F501C000EB8DB /* MoviesSingleCell.swift in Sources */,
				BB7D7093221BA31000CE8A9F /* MainTabBarController.swift in Sources */,
				96C53B15229ACE75006937CB /* SongPlayer.swift in Sources */,
				BBF751F9222FC9FC00640C92 /* HorizontalSnappingController.swift in Sources */,
				BB637F462230E7FE009FEFD7 /* VerticalStackView.swift in Sources */,
				BB666943229AAE3E002654A7 /* MoviesHeader.swift in Sources */,
				BB193C6A222EAB11000EB8DB /* BaseCvController.swift in Sources */,
				BBEDA293221C13C9007610DF /* Search.swift in Sources */,
				BB1661E02266C0B70077C2B0 /* TvShowEpisodesBySeason.swift in Sources */,
				BB66694E229CCCDC002654A7 /* ProfileLoggedOutController.swift in Sources */,
				BBEB4357223F6DF200D54998 /* SongListCell.swift in Sources */,
				BB193C72222F5F5F000EB8DB /* LatestMovies.swift in Sources */,
				BB74F7F622AE2868006AB7C1 /* SongDetailController.swift in Sources */,
				BB193C63222E99E2000EB8DB /* MoviesController.swift in Sources */,
				BB1BF57422939194009FBC91 /* ProfileController.swift in Sources */,
				BB193C66222EA1D7000EB8DB /* MoviesGroupCell.swift in Sources */,
				BB0CC21A2282812D008BC023 /* SpotifyController.swift in Sources */,
				BB193C60222E2A61000EB8DB /* UIColor.swift in Sources */,
				BBEDA290221C07A8007610DF /* UIView.swift in Sources */,
				BB0CC21822826B4A008BC023 /* MovieInfoCell.swift in Sources */,
				BB0CC22122890005008BC023 /* LoginController.swift in Sources */,
				BB1661DE22656C510077C2B0 /* Episodes.swift in Sources */,
				BBCA3EE52255723600037DCF /* ShowsHorizontalController.swift in Sources */,
				BB66695C22A60293002654A7 /* FeaturedTitles.swift in Sources */,
				96489684228E0C3800D8BCEE /* LoginModel.swift in Sources */,
				BB1BF57222928B57009FBC91 /* SignUpController.swift in Sources */,
				BB6669A622A73096002654A7 /* ShowsHeader.swift in Sources */,
				BBCA3EE72255745B00037DCF /* ShowsSingleCell.swift in Sources */,
				BB1661E52267085D0077C2B0 /* EpisodeInfoCell.swift in Sources */,
				BB1BF56A228CEB30009FBC91 /* OpenSwipingController.swift in Sources */,
				BB1BF56C228CEF7D009FBC91 /* SwipedPageCell.swift in Sources */,
				BB66695E22A63E05002654A7 /* ShowsHeaderHorizontalController.swift in Sources */,
				BB66695A22A4B86F002654A7 /* UIActivityViewIndicator.swift in Sources */,
				BB66695522A0AF65002654A7 /* UserSongs.swift in Sources */,
				BB66695822A0B735002654A7 /* LibrarySongs.swift in Sources */,
				BB0CC223228A6A97008BC023 /* AlbumController.swift in Sources */,
				BB637F3E2230AFFE009FEFD7 /* MovieDetailController.swift in Sources */,
				BB66694C229B9929002654A7 /* UserLibraryCell.swift in Sources */,
				9655E3E122B8261D000B02D0 /* RegistrationModel.swift in Sources */,
				BB7D7096221BB2D600CE8A9F /* SearchController.swift in Sources */,
				BBCA3EE92256CC0100037DCF /* LatestShows.swift in Sources */,
				BB666945229AAF70002654A7 /* MoviesHeaderHorizontalController.swift in Sources */,
				BBCA3EDF2254E85500037DCF /* ShowsController.swift in Sources */,
				BB1661D3225D667E0077C2B0 /* ShowInfoCell.swift in Sources */,
				BB1BF5762293AB44009FBC91 /* UserInfo.swift in Sources */,
				BB74F7F422ADF017006AB7C1 /* MoviesController1.swift in Sources */,
				BB74F7F922AF5068006AB7C1 /* SongDetailCell.swift in Sources */,
				BBCA3EDD224C51E200037DCF /* SongFloatingPlayer.swift in Sources */,
			);
			runOnlyForDeploymentPostprocessing = 0;
		};
		BB7D7071221BA2CF00CE8A9F /* Sources */ = {
			isa = PBXSourcesBuildPhase;
			buildActionMask = 2147483647;
			files = (
				BB7D707A221BA2CF00CE8A9F /* whatsong_v3Tests.swift in Sources */,
			);
			runOnlyForDeploymentPostprocessing = 0;
		};
		BB7D707C221BA2CF00CE8A9F /* Sources */ = {
			isa = PBXSourcesBuildPhase;
			buildActionMask = 2147483647;
			files = (
				BB7D7085221BA2CF00CE8A9F /* whatsong_v3UITests.swift in Sources */,
			);
			runOnlyForDeploymentPostprocessing = 0;
		};
/* End PBXSourcesBuildPhase section */

/* Begin PBXTargetDependency section */
		BB7D7077221BA2CF00CE8A9F /* PBXTargetDependency */ = {
			isa = PBXTargetDependency;
			target = BB7D7060221BA2CD00CE8A9F /* whatsong v3 */;
			targetProxy = BB7D7076221BA2CF00CE8A9F /* PBXContainerItemProxy */;
		};
		BB7D7082221BA2CF00CE8A9F /* PBXTargetDependency */ = {
			isa = PBXTargetDependency;
			target = BB7D7060221BA2CD00CE8A9F /* whatsong v3 */;
			targetProxy = BB7D7081221BA2CF00CE8A9F /* PBXContainerItemProxy */;
		};
/* End PBXTargetDependency section */

/* Begin XCBuildConfiguration section */
		BB7D7087221BA2CF00CE8A9F /* Debug */ = {
			isa = XCBuildConfiguration;
			buildSettings = {
				ALWAYS_SEARCH_USER_PATHS = NO;
				CLANG_ANALYZER_NONNULL = YES;
				CLANG_ANALYZER_NUMBER_OBJECT_CONVERSION = YES_AGGRESSIVE;
				CLANG_CXX_LANGUAGE_STANDARD = "gnu++14";
				CLANG_CXX_LIBRARY = "libc++";
				CLANG_ENABLE_MODULES = YES;
				CLANG_ENABLE_OBJC_ARC = YES;
				CLANG_ENABLE_OBJC_WEAK = YES;
				CLANG_WARN_BLOCK_CAPTURE_AUTORELEASING = YES;
				CLANG_WARN_BOOL_CONVERSION = YES;
				CLANG_WARN_COMMA = YES;
				CLANG_WARN_CONSTANT_CONVERSION = YES;
				CLANG_WARN_DEPRECATED_OBJC_IMPLEMENTATIONS = YES;
				CLANG_WARN_DIRECT_OBJC_ISA_USAGE = YES_ERROR;
				CLANG_WARN_DOCUMENTATION_COMMENTS = YES;
				CLANG_WARN_EMPTY_BODY = YES;
				CLANG_WARN_ENUM_CONVERSION = YES;
				CLANG_WARN_INFINITE_RECURSION = YES;
				CLANG_WARN_INT_CONVERSION = YES;
				CLANG_WARN_NON_LITERAL_NULL_CONVERSION = YES;
				CLANG_WARN_OBJC_IMPLICIT_RETAIN_SELF = YES;
				CLANG_WARN_OBJC_LITERAL_CONVERSION = YES;
				CLANG_WARN_OBJC_ROOT_CLASS = YES_ERROR;
				CLANG_WARN_RANGE_LOOP_ANALYSIS = YES;
				CLANG_WARN_STRICT_PROTOTYPES = YES;
				CLANG_WARN_SUSPICIOUS_MOVE = YES;
				CLANG_WARN_UNGUARDED_AVAILABILITY = YES_AGGRESSIVE;
				CLANG_WARN_UNREACHABLE_CODE = YES;
				CLANG_WARN__DUPLICATE_METHOD_MATCH = YES;
				CODE_SIGN_IDENTITY = "iPhone Developer";
				COPY_PHASE_STRIP = NO;
				DEBUG_INFORMATION_FORMAT = dwarf;
				ENABLE_STRICT_OBJC_MSGSEND = YES;
				ENABLE_TESTABILITY = YES;
				GCC_C_LANGUAGE_STANDARD = gnu11;
				GCC_DYNAMIC_NO_PIC = NO;
				GCC_NO_COMMON_BLOCKS = YES;
				GCC_OPTIMIZATION_LEVEL = 0;
				GCC_PREPROCESSOR_DEFINITIONS = (
					"DEBUG=1",
					"$(inherited)",
				);
				GCC_WARN_64_TO_32_BIT_CONVERSION = YES;
				GCC_WARN_ABOUT_RETURN_TYPE = YES_ERROR;
				GCC_WARN_UNDECLARED_SELECTOR = YES;
				GCC_WARN_UNINITIALIZED_AUTOS = YES_AGGRESSIVE;
				GCC_WARN_UNUSED_FUNCTION = YES;
				GCC_WARN_UNUSED_VARIABLE = YES;
				IPHONEOS_DEPLOYMENT_TARGET = 12.1;
				MTL_ENABLE_DEBUG_INFO = INCLUDE_SOURCE;
				MTL_FAST_MATH = YES;
				ONLY_ACTIVE_ARCH = YES;
				SDKROOT = iphoneos;
				SWIFT_ACTIVE_COMPILATION_CONDITIONS = DEBUG;
				SWIFT_OPTIMIZATION_LEVEL = "-Onone";
			};
			name = Debug;
		};
		BB7D7088221BA2CF00CE8A9F /* Release */ = {
			isa = XCBuildConfiguration;
			buildSettings = {
				ALWAYS_SEARCH_USER_PATHS = NO;
				CLANG_ANALYZER_NONNULL = YES;
				CLANG_ANALYZER_NUMBER_OBJECT_CONVERSION = YES_AGGRESSIVE;
				CLANG_CXX_LANGUAGE_STANDARD = "gnu++14";
				CLANG_CXX_LIBRARY = "libc++";
				CLANG_ENABLE_MODULES = YES;
				CLANG_ENABLE_OBJC_ARC = YES;
				CLANG_ENABLE_OBJC_WEAK = YES;
				CLANG_WARN_BLOCK_CAPTURE_AUTORELEASING = YES;
				CLANG_WARN_BOOL_CONVERSION = YES;
				CLANG_WARN_COMMA = YES;
				CLANG_WARN_CONSTANT_CONVERSION = YES;
				CLANG_WARN_DEPRECATED_OBJC_IMPLEMENTATIONS = YES;
				CLANG_WARN_DIRECT_OBJC_ISA_USAGE = YES_ERROR;
				CLANG_WARN_DOCUMENTATION_COMMENTS = YES;
				CLANG_WARN_EMPTY_BODY = YES;
				CLANG_WARN_ENUM_CONVERSION = YES;
				CLANG_WARN_INFINITE_RECURSION = YES;
				CLANG_WARN_INT_CONVERSION = YES;
				CLANG_WARN_NON_LITERAL_NULL_CONVERSION = YES;
				CLANG_WARN_OBJC_IMPLICIT_RETAIN_SELF = YES;
				CLANG_WARN_OBJC_LITERAL_CONVERSION = YES;
				CLANG_WARN_OBJC_ROOT_CLASS = YES_ERROR;
				CLANG_WARN_RANGE_LOOP_ANALYSIS = YES;
				CLANG_WARN_STRICT_PROTOTYPES = YES;
				CLANG_WARN_SUSPICIOUS_MOVE = YES;
				CLANG_WARN_UNGUARDED_AVAILABILITY = YES_AGGRESSIVE;
				CLANG_WARN_UNREACHABLE_CODE = YES;
				CLANG_WARN__DUPLICATE_METHOD_MATCH = YES;
				CODE_SIGN_IDENTITY = "iPhone Developer";
				COPY_PHASE_STRIP = NO;
				DEBUG_INFORMATION_FORMAT = "dwarf-with-dsym";
				ENABLE_NS_ASSERTIONS = NO;
				ENABLE_STRICT_OBJC_MSGSEND = YES;
				GCC_C_LANGUAGE_STANDARD = gnu11;
				GCC_NO_COMMON_BLOCKS = YES;
				GCC_WARN_64_TO_32_BIT_CONVERSION = YES;
				GCC_WARN_ABOUT_RETURN_TYPE = YES_ERROR;
				GCC_WARN_UNDECLARED_SELECTOR = YES;
				GCC_WARN_UNINITIALIZED_AUTOS = YES_AGGRESSIVE;
				GCC_WARN_UNUSED_FUNCTION = YES;
				GCC_WARN_UNUSED_VARIABLE = YES;
				IPHONEOS_DEPLOYMENT_TARGET = 12.1;
				MTL_ENABLE_DEBUG_INFO = NO;
				MTL_FAST_MATH = YES;
				SDKROOT = iphoneos;
				SWIFT_COMPILATION_MODE = wholemodule;
				SWIFT_OPTIMIZATION_LEVEL = "-O";
				VALIDATE_PRODUCT = YES;
			};
			name = Release;
		};
		BB7D708A221BA2CF00CE8A9F /* Debug */ = {
			isa = XCBuildConfiguration;
			baseConfigurationReference = 0D18B4C2FD12B34BFBF196FD /* Pods-whatsong v3.debug.xcconfig */;
			buildSettings = {
				ASSETCATALOG_COMPILER_APPICON_NAME = AppIcon;
				CODE_SIGN_STYLE = Automatic;
				DEVELOPMENT_TEAM = 7SDH5G7RJX;
				FRAMEWORK_SEARCH_PATHS = (
					"$(inherited)",
					"$(PROJECT_DIR)/whatsong\\ v3",
				);
				INFOPLIST_FILE = "whatsong v3/Info.plist";
				LD_RUNPATH_SEARCH_PATHS = (
					"$(inherited)",
					"@executable_path/Frameworks",
				);
				OTHER_LDFLAGS = (
					"$(inherited)",
					"-framework",
					"\"SDWebImage\"",
					"-framework",
					"\"SkeletonView\"",
					"-ObjC",
				);
				PRODUCT_BUNDLE_IDENTIFIER = "com.tomandrew.whatsong-v3";
				PRODUCT_NAME = "$(TARGET_NAME)";
				SWIFT_OBJC_BRIDGING_HEADER = "";
				SWIFT_VERSION = 4.2;
				TARGETED_DEVICE_FAMILY = "1,2";
			};
			name = Debug;
		};
		BB7D708B221BA2CF00CE8A9F /* Release */ = {
			isa = XCBuildConfiguration;
			baseConfigurationReference = 93F53D530C2B0E4E8671F333 /* Pods-whatsong v3.release.xcconfig */;
			buildSettings = {
				ASSETCATALOG_COMPILER_APPICON_NAME = AppIcon;
				CODE_SIGN_STYLE = Automatic;
				DEVELOPMENT_TEAM = 7SDH5G7RJX;
				FRAMEWORK_SEARCH_PATHS = (
					"$(inherited)",
					"$(PROJECT_DIR)/whatsong\\ v3",
				);
				INFOPLIST_FILE = "whatsong v3/Info.plist";
				LD_RUNPATH_SEARCH_PATHS = (
					"$(inherited)",
					"@executable_path/Frameworks",
				);
				OTHER_LDFLAGS = (
					"$(inherited)",
					"-framework",
					"\"SDWebImage\"",
					"-framework",
					"\"SkeletonView\"",
					"-ObjC",
				);
				PRODUCT_BUNDLE_IDENTIFIER = "com.tomandrew.whatsong-v3";
				PRODUCT_NAME = "$(TARGET_NAME)";
				SWIFT_OBJC_BRIDGING_HEADER = "";
				SWIFT_VERSION = 4.2;
				TARGETED_DEVICE_FAMILY = "1,2";
			};
			name = Release;
		};
		BB7D708D221BA2CF00CE8A9F /* Debug */ = {
			isa = XCBuildConfiguration;
			baseConfigurationReference = 67718AD252349F46370F0E01 /* Pods-whatsong v3Tests.debug.xcconfig */;
			buildSettings = {
				ALWAYS_EMBED_SWIFT_STANDARD_LIBRARIES = YES;
				BUNDLE_LOADER = "$(TEST_HOST)";
				CODE_SIGN_STYLE = Automatic;
				DEVELOPMENT_TEAM = 7SDH5G7RJX;
				INFOPLIST_FILE = "whatsong v3Tests/Info.plist";
				LD_RUNPATH_SEARCH_PATHS = (
					"$(inherited)",
					"@executable_path/Frameworks",
					"@loader_path/Frameworks",
				);
				PRODUCT_BUNDLE_IDENTIFIER = "com.tomandrew.whatsong-v3Tests";
				PRODUCT_NAME = "$(TARGET_NAME)";
				SWIFT_VERSION = 4.2;
				TARGETED_DEVICE_FAMILY = "1,2";
				TEST_HOST = "$(BUILT_PRODUCTS_DIR)/whatsong v3.app/whatsong v3";
			};
			name = Debug;
		};
		BB7D708E221BA2CF00CE8A9F /* Release */ = {
			isa = XCBuildConfiguration;
			baseConfigurationReference = 199D68A1F6F09F802F15B76E /* Pods-whatsong v3Tests.release.xcconfig */;
			buildSettings = {
				ALWAYS_EMBED_SWIFT_STANDARD_LIBRARIES = YES;
				BUNDLE_LOADER = "$(TEST_HOST)";
				CODE_SIGN_STYLE = Automatic;
				DEVELOPMENT_TEAM = 7SDH5G7RJX;
				INFOPLIST_FILE = "whatsong v3Tests/Info.plist";
				LD_RUNPATH_SEARCH_PATHS = (
					"$(inherited)",
					"@executable_path/Frameworks",
					"@loader_path/Frameworks",
				);
				PRODUCT_BUNDLE_IDENTIFIER = "com.tomandrew.whatsong-v3Tests";
				PRODUCT_NAME = "$(TARGET_NAME)";
				SWIFT_VERSION = 4.2;
				TARGETED_DEVICE_FAMILY = "1,2";
				TEST_HOST = "$(BUILT_PRODUCTS_DIR)/whatsong v3.app/whatsong v3";
			};
			name = Release;
		};
		BB7D7090221BA2CF00CE8A9F /* Debug */ = {
			isa = XCBuildConfiguration;
			baseConfigurationReference = 84072EC3401E37A0791CC1DE /* Pods-whatsong v3UITests.debug.xcconfig */;
			buildSettings = {
				ALWAYS_EMBED_SWIFT_STANDARD_LIBRARIES = YES;
				CODE_SIGN_STYLE = Automatic;
				DEVELOPMENT_TEAM = 7SDH5G7RJX;
				INFOPLIST_FILE = "whatsong v3UITests/Info.plist";
				LD_RUNPATH_SEARCH_PATHS = (
					"$(inherited)",
					"@executable_path/Frameworks",
					"@loader_path/Frameworks",
				);
				PRODUCT_BUNDLE_IDENTIFIER = "com.tomandrew.whatsong-v3UITests";
				PRODUCT_NAME = "$(TARGET_NAME)";
				SWIFT_VERSION = 4.2;
				TARGETED_DEVICE_FAMILY = "1,2";
				TEST_TARGET_NAME = "whatsong v3";
			};
			name = Debug;
		};
		BB7D7091221BA2CF00CE8A9F /* Release */ = {
			isa = XCBuildConfiguration;
			baseConfigurationReference = 4AD36105E10CF89E29AD4BC9 /* Pods-whatsong v3UITests.release.xcconfig */;
			buildSettings = {
				ALWAYS_EMBED_SWIFT_STANDARD_LIBRARIES = YES;
				CODE_SIGN_STYLE = Automatic;
				DEVELOPMENT_TEAM = 7SDH5G7RJX;
				INFOPLIST_FILE = "whatsong v3UITests/Info.plist";
				LD_RUNPATH_SEARCH_PATHS = (
					"$(inherited)",
					"@executable_path/Frameworks",
					"@loader_path/Frameworks",
				);
				PRODUCT_BUNDLE_IDENTIFIER = "com.tomandrew.whatsong-v3UITests";
				PRODUCT_NAME = "$(TARGET_NAME)";
				SWIFT_VERSION = 4.2;
				TARGETED_DEVICE_FAMILY = "1,2";
				TEST_TARGET_NAME = "whatsong v3";
			};
			name = Release;
		};
/* End XCBuildConfiguration section */

/* Begin XCConfigurationList section */
		BB7D705C221BA2CD00CE8A9F /* Build configuration list for PBXProject "whatsong v3" */ = {
			isa = XCConfigurationList;
			buildConfigurations = (
				BB7D7087221BA2CF00CE8A9F /* Debug */,
				BB7D7088221BA2CF00CE8A9F /* Release */,
			);
			defaultConfigurationIsVisible = 0;
			defaultConfigurationName = Release;
		};
		BB7D7089221BA2CF00CE8A9F /* Build configuration list for PBXNativeTarget "whatsong v3" */ = {
			isa = XCConfigurationList;
			buildConfigurations = (
				BB7D708A221BA2CF00CE8A9F /* Debug */,
				BB7D708B221BA2CF00CE8A9F /* Release */,
			);
			defaultConfigurationIsVisible = 0;
			defaultConfigurationName = Release;
		};
		BB7D708C221BA2CF00CE8A9F /* Build configuration list for PBXNativeTarget "whatsong v3Tests" */ = {
			isa = XCConfigurationList;
			buildConfigurations = (
				BB7D708D221BA2CF00CE8A9F /* Debug */,
				BB7D708E221BA2CF00CE8A9F /* Release */,
			);
			defaultConfigurationIsVisible = 0;
			defaultConfigurationName = Release;
		};
		BB7D708F221BA2CF00CE8A9F /* Build configuration list for PBXNativeTarget "whatsong v3UITests" */ = {
			isa = XCConfigurationList;
			buildConfigurations = (
				BB7D7090221BA2CF00CE8A9F /* Debug */,
				BB7D7091221BA2CF00CE8A9F /* Release */,
			);
			defaultConfigurationIsVisible = 0;
			defaultConfigurationName = Release;
		};
/* End XCConfigurationList section */
	};
	rootObject = BB7D7059221BA2CD00CE8A9F /* Project object */;
}
